
Microsoft Visual Studio Solution File, Format Version 12.00
# Visual Studio Version 17
VisualStudioVersion = 17.9.34728.123
MinimumVisualStudioVersion = 10.0.40219.1
Project("{9A19103F-16F7-4668-BE54-9A1E7A4F7556}") = "ModularMonolith", "src\API\ModularMonolith\ModularMonolith.csproj", "{CC5DD65E-B753-40CC-81F0-62159A11BF32}"
EndProject
Project("{2150E333-8FDC-42A3-9474-1A3956D46DE8}") = "src", "src", "{A591EED8-2B8A-49C4-824F-7479AC71E4B9}"
EndProject
Project("{2150E333-8FDC-42A3-9474-1A3956D46DE8}") = "API", "API", "{1F4B269C-D860-43D9-961A-9B53A23A3472}"
EndProject
Project("{2150E333-8FDC-42A3-9474-1A3956D46DE8}") = "Modules", "Modules", "{9F707135-E994-436A-BE52-BAF6C4DA4E74}"
EndProject
Project("{2150E333-8FDC-42A3-9474-1A3956D46DE8}") = "Catalogs", "Catalogs", "{4FAD2E5E-32D6-468E-967F-73FE6980E1E2}"
EndProject
Project("{2150E333-8FDC-42A3-9474-1A3956D46DE8}") = "Users", "Users", "{6AAD952C-64D0-46FA-832C-0B0B88B3ED75}"
EndProject
Project("{2150E333-8FDC-42A3-9474-1A3956D46DE8}") = "Tickets", "Tickets", "{C5A3957F-D1E9-486A-B82B-C504F9332AD1}"
EndProject
Project("{9A19103F-16F7-4668-BE54-9A1E7A4F7556}") = "Modules.Catalogs.Domain", "src\Modules\Catalogs\Modules.Catalog.Domain\Modules.Catalogs.Domain.csproj", "{A701089F-D484-409D-A18C-608D5ADE01D7}"
EndProject
Project("{9A19103F-16F7-4668-BE54-9A1E7A4F7556}") = "Modules.Catalogs.Infrastructure", "src\Modules\Catalogs\Modules.Catalog.Infrastructure\Modules.Catalogs.Infrastructure.csproj", "{94F4CA6A-7261-4DC0-883F-9E4AB1029901}"
EndProject
Project("{9A19103F-16F7-4668-BE54-9A1E7A4F7556}") = "Modules.Catalogs.Application", "src\Modules\Catalogs\Modules.Catalog.Application\Modules.Catalogs.Application.csproj", "{DB81E8D2-D231-4EC0-939F-4CF87F13A637}"
EndProject
Project("{2150E333-8FDC-42A3-9474-1A3956D46DE8}") = "Shared", "Shared", "{AF8F6002-B9E4-4029-850F-FEE475218CA7}"
EndProject
Project("{9A19103F-16F7-4668-BE54-9A1E7A4F7556}") = "Module.Catalogs", "src\Modules\Catalogs\Module.Catalog\Module.Catalogs.csproj", "{3195636C-F01C-4C66-8520-A00FC7362897}"
EndProject
Project("{9A19103F-16F7-4668-BE54-9A1E7A4F7556}") = "Module.Shared", "src\Shared\Module.Shared\Module.Shared.csproj", "{DBD75DBC-2B38-4BD4-A0D1-CA3B5C0B3D21}"
EndProject
Project("{9A19103F-16F7-4668-BE54-9A1E7A4F7556}") = "Module.Shared.Infrastructure", "src\Shared\Module.Shared.Infrastructure\Module.Shared.Infrastructure.csproj", "{B0795A86-4117-4D01-95AE-E6E14D8E1FC8}"
EndProject
Project("{FAE04EC0-301F-11D3-BF4B-00C04F79EFBC}") = "Module.Shared.Application", "src\Shared\Module.Shared.Application\Module.Shared.Application.csproj", "{E1888BD0-F904-4F3B-B35C-FA8EF760143C}"
EndProject
Global
	GlobalSection(SolutionConfigurationPlatforms) = preSolution
		Debug|Any CPU = Debug|Any CPU
		Release|Any CPU = Release|Any CPU
	EndGlobalSection
	GlobalSection(ProjectConfigurationPlatforms) = postSolution
		{CC5DD65E-B753-40CC-81F0-62159A11BF32}.Debug|Any CPU.ActiveCfg = Debug|Any CPU
		{CC5DD65E-B753-40CC-81F0-62159A11BF32}.Debug|Any CPU.Build.0 = Debug|Any CPU
		{CC5DD65E-B753-40CC-81F0-62159A11BF32}.Release|Any CPU.ActiveCfg = Release|Any CPU
		{CC5DD65E-B753-40CC-81F0-62159A11BF32}.Release|Any CPU.Build.0 = Release|Any CPU
		{A701089F-D484-409D-A18C-608D5ADE01D7}.Debug|Any CPU.ActiveCfg = Debug|Any CPU
		{A701089F-D484-409D-A18C-608D5ADE01D7}.Debug|Any CPU.Build.0 = Debug|Any CPU
		{A701089F-D484-409D-A18C-608D5ADE01D7}.Release|Any CPU.ActiveCfg = Release|Any CPU
		{A701089F-D484-409D-A18C-608D5ADE01D7}.Release|Any CPU.Build.0 = Release|Any CPU
		{94F4CA6A-7261-4DC0-883F-9E4AB1029901}.Debug|Any CPU.ActiveCfg = Debug|Any CPU
		{94F4CA6A-7261-4DC0-883F-9E4AB1029901}.Debug|Any CPU.Build.0 = Debug|Any CPU
		{94F4CA6A-7261-4DC0-883F-9E4AB1029901}.Release|Any CPU.ActiveCfg = Release|Any CPU
		{94F4CA6A-7261-4DC0-883F-9E4AB1029901}.Release|Any CPU.Build.0 = Release|Any CPU
		{DB81E8D2-D231-4EC0-939F-4CF87F13A637}.Debug|Any CPU.ActiveCfg = Debug|Any CPU
		{DB81E8D2-D231-4EC0-939F-4CF87F13A637}.Debug|Any CPU.Build.0 = Debug|Any CPU
		{DB81E8D2-D231-4EC0-939F-4CF87F13A637}.Release|Any CPU.ActiveCfg = Release|Any CPU
		{DB81E8D2-D231-4EC0-939F-4CF87F13A637}.Release|Any CPU.Build.0 = Release|Any CPU
		{3195636C-F01C-4C66-8520-A00FC7362897}.Debug|Any CPU.ActiveCfg = Debug|Any CPU
		{3195636C-F01C-4C66-8520-A00FC7362897}.Debug|Any CPU.Build.0 = Debug|Any CPU
		{3195636C-F01C-4C66-8520-A00FC7362897}.Release|Any CPU.ActiveCfg = Release|Any CPU
		{3195636C-F01C-4C66-8520-A00FC7362897}.Release|Any CPU.Build.0 = Release|Any CPU
		{DBD75DBC-2B38-4BD4-A0D1-CA3B5C0B3D21}.Debug|Any CPU.ActiveCfg = Debug|Any CPU
		{DBD75DBC-2B38-4BD4-A0D1-CA3B5C0B3D21}.Debug|Any CPU.Build.0 = Debug|Any CPU
		{DBD75DBC-2B38-4BD4-A0D1-CA3B5C0B3D21}.Release|Any CPU.ActiveCfg = Release|Any CPU
		{DBD75DBC-2B38-4BD4-A0D1-CA3B5C0B3D21}.Release|Any CPU.Build.0 = Release|Any CPU
		{B0795A86-4117-4D01-95AE-E6E14D8E1FC8}.Debug|Any CPU.ActiveCfg = Debug|Any CPU
		{B0795A86-4117-4D01-95AE-E6E14D8E1FC8}.Debug|Any CPU.Build.0 = Debug|Any CPU
		{B0795A86-4117-4D01-95AE-E6E14D8E1FC8}.Release|Any CPU.ActiveCfg = Release|Any CPU
		{B0795A86-4117-4D01-95AE-E6E14D8E1FC8}.Release|Any CPU.Build.0 = Release|Any CPU
		{E1888BD0-F904-4F3B-B35C-FA8EF760143C}.Debug|Any CPU.ActiveCfg = Debug|Any CPU
		{E1888BD0-F904-4F3B-B35C-FA8EF760143C}.Debug|Any CPU.Build.0 = Debug|Any CPU
		{E1888BD0-F904-4F3B-B35C-FA8EF760143C}.Release|Any CPU.ActiveCfg = Release|Any CPU
		{E1888BD0-F904-4F3B-B35C-FA8EF760143C}.Release|Any CPU.Build.0 = Release|Any CPU
	EndGlobalSection
	GlobalSection(SolutionProperties) = preSolution
		HideSolutionNode = FALSE
	EndGlobalSection
	GlobalSection(NestedProjects) = preSolution
		{CC5DD65E-B753-40CC-81F0-62159A11BF32} = {1F4B269C-D860-43D9-961A-9B53A23A3472}
		{1F4B269C-D860-43D9-961A-9B53A23A3472} = {A591EED8-2B8A-49C4-824F-7479AC71E4B9}
		{9F707135-E994-436A-BE52-BAF6C4DA4E74} = {A591EED8-2B8A-49C4-824F-7479AC71E4B9}
		{4FAD2E5E-32D6-468E-967F-73FE6980E1E2} = {9F707135-E994-436A-BE52-BAF6C4DA4E74}
		{6AAD952C-64D0-46FA-832C-0B0B88B3ED75} = {9F707135-E994-436A-BE52-BAF6C4DA4E74}
		{C5A3957F-D1E9-486A-B82B-C504F9332AD1} = {9F707135-E994-436A-BE52-BAF6C4DA4E74}
		{A701089F-D484-409D-A18C-608D5ADE01D7} = {4FAD2E5E-32D6-468E-967F-73FE6980E1E2}
		{94F4CA6A-7261-4DC0-883F-9E4AB1029901} = {4FAD2E5E-32D6-468E-967F-73FE6980E1E2}
		{DB81E8D2-D231-4EC0-939F-4CF87F13A637} = {4FAD2E5E-32D6-468E-967F-73FE6980E1E2}
		{AF8F6002-B9E4-4029-850F-FEE475218CA7} = {A591EED8-2B8A-49C4-824F-7479AC71E4B9}
		{3195636C-F01C-4C66-8520-A00FC7362897} = {4FAD2E5E-32D6-468E-967F-73FE6980E1E2}
		{DBD75DBC-2B38-4BD4-A0D1-CA3B5C0B3D21} = {AF8F6002-B9E4-4029-850F-FEE475218CA7}
		{B0795A86-4117-4D01-95AE-E6E14D8E1FC8} = {AF8F6002-B9E4-4029-850F-FEE475218CA7}
		{E1888BD0-F904-4F3B-B35C-FA8EF760143C} = {AF8F6002-B9E4-4029-850F-FEE475218CA7}
	EndGlobalSection
	GlobalSection(ExtensibilityGlobals) = postSolution
		SolutionGuid = {AAC7902F-6E5B-4BB0-85F2-921B12219DE3}
	EndGlobalSection
EndGlobal
